
Microsoft Visual Studio Solution File, Format Version 12.00
# Visual Studio Version 17
VisualStudioVersion = 17.14.36908.2 d17.14
MinimumVisualStudioVersion = 10.0.40219.1
Project("{FAE04EC0-301F-11D3-BF4B-00C04F79EFBC}") = "HotelBookingApp", "HotelBookingApp\HotelBookingApp.csproj", "{5D880557-0C30-45AE-BB30-F4EEE240061B}"
EndProject
Global
	GlobalSection(SolutionConfigurationPlatforms) = preSolution
		Debug|Any CPU = Debug|Any CPU
		Release|Any CPU = Release|Any CPU
	EndGlobalSection
	GlobalSection(ProjectConfigurationPlatforms) = postSolution
		{5D880557-0C30-45AE-BB30-F4EEE240061B}.Debug|Any CPU.ActiveCfg = Debug|Any CPU
		{5D880557-0C30-45AE-BB30-F4EEE240061B}.Debug|Any CPU.Build.0 = Debug|Any CPU
		{5D880557-0C30-45AE-BB30-F4EEE240061B}.Debug|Any CPU.Deploy.0 = Debug|Any CPU
		{5D880557-0C30-45AE-BB30-F4EEE240061B}.Release|Any CPU.ActiveCfg = Release|Any CPU
		{5D880557-0C30-45AE-BB30-F4EEE240061B}.Release|Any CPU.Build.0 = Release|Any CPU
		{5D880557-0C30-45AE-BB30-F4EEE240061B}.Release|Any CPU.Deploy.0 = Release|Any CPU
	EndGlobalSection
	GlobalSection(SolutionProperties) = preSolution
		HideSolutionNode = FALSE
	EndGlobalSection
	GlobalSection(ExtensibilityGlobals) = postSolution
		SolutionGuid = {A6F3659F-A77D-4C7E-A5A4-1644F76BE604}
	EndGlobalSection
EndGlobal
